
Microsoft Visual Studio Solution File, Format Version 12.00
# Visual Studio 15
VisualStudioVersion = 15.0.27703.2042
MinimumVisualStudioVersion = 10.0.40219.1
Project("{F2A71F9B-5D33-465A-A702-920D77279786}") = "gitinsync", "gitinsync\gitinsync.fsproj", "{CE5B3FFF-B65C-48DA-9DE9-E34A2655F28C}"
EndProject
Global
	GlobalSection(SolutionConfigurationPlatforms) = preSolution
		Debug|Any CPU = Debug|Any CPU
		Release|Any CPU = Release|Any CPU
	EndGlobalSection
	GlobalSection(ProjectConfigurationPlatforms) = postSolution
		{CE5B3FFF-B65C-48DA-9DE9-E34A2655F28C}.Debug|Any CPU.ActiveCfg = Debug|Any CPU
		{CE5B3FFF-B65C-48DA-9DE9-E34A2655F28C}.Debug|Any CPU.Build.0 = Debug|Any CPU
		{CE5B3FFF-B65C-48DA-9DE9-E34A2655F28C}.Release|Any CPU.ActiveCfg = Release|Any CPU
		{CE5B3FFF-B65C-48DA-9DE9-E34A2655F28C}.Release|Any CPU.Build.0 = Release|Any CPU
	EndGlobalSection
	GlobalSection(SolutionProperties) = preSolution
		HideSolutionNode = FALSE
	EndGlobalSection
	GlobalSection(ExtensibilityGlobals) = postSolution
		SolutionGuid = {AD37AB89-B008-4942-94A7-EF88C6B10283}
	EndGlobalSection
EndGlobal
